
Microsoft Visual Studio Solution File, Format Version 12.00
# Visual Studio 14
VisualStudioVersion = 14.0.25420.1
MinimumVisualStudioVersion = 10.0.40219.1
Project("{8BC9CEB8-8B4A-11D0-8D11-00A0C91BC942}") = "AppleIISd", "AppleIISd.vcxproj", "{9EA7EC3D-1771-420F-932F-231A35ED1200}"
EndProject
Global
	GlobalSection(SolutionConfigurationPlatforms) = preSolution
		Debug|x86 = Debug|x86
		Release|x86 = Release|x86
	EndGlobalSection
	GlobalSection(ProjectConfigurationPlatforms) = postSolution
		{9EA7EC3D-1771-420F-932F-231A35ED1200}.Debug|x86.ActiveCfg = Debug|Win32
		{9EA7EC3D-1771-420F-932F-231A35ED1200}.Debug|x86.Build.0 = Debug|Win32
		{9EA7EC3D-1771-420F-932F-231A35ED1200}.Release|x86.ActiveCfg = Release|Win32
		{9EA7EC3D-1771-420F-932F-231A35ED1200}.Release|x86.Build.0 = Release|Win32
	EndGlobalSection
	GlobalSection(SolutionProperties) = preSolution
		HideSolutionNode = FALSE
	EndGlobalSection
EndGlobal
